// !$*UTF8*$!
{
	archiveVersion = 1;
	classes = {
	};
	objectVersion = 56;
	objects = {

/* Begin PBXBuildFile section */
		51E3CF6486DD7CAA934A4A47 /* Pods_PodcastTest.framework in Frameworks */ = {isa = PBXBuildFile; fileRef = ED2C76E505E47ED944998E12 /* Pods_PodcastTest.framework */; };
		879A01532A3683A800A54FAF /* Extensions .swift in Sources */ = {isa = PBXBuildFile; fileRef = 879A01522A3683A800A54FAF /* Extensions .swift */; };
		879A015D2A36880F00A54FAF /* IBMPlexSansArabic-Bold.otf in Resources */ = {isa = PBXBuildFile; fileRef = 879A015B2A36880000A54FAF /* IBMPlexSansArabic-Bold.otf */; };
		879A015E2A36881300A54FAF /* IBMPlexSansArabic-ExtraLight.otf in Resources */ = {isa = PBXBuildFile; fileRef = 879A015A2A36880000A54FAF /* IBMPlexSansArabic-ExtraLight.otf */; };
		879A015F2A36881600A54FAF /* IBMPlexSansArabic-Light.otf in Resources */ = {isa = PBXBuildFile; fileRef = 879A01592A3687FF00A54FAF /* IBMPlexSansArabic-Light.otf */; };
		879A01602A36881900A54FAF /* IBMPlexSansArabic-Medium.otf in Resources */ = {isa = PBXBuildFile; fileRef = 879A01582A3687FF00A54FAF /* IBMPlexSansArabic-Medium.otf */; };
		879A01612A36881D00A54FAF /* IBMPlexSansArabic-Regular.otf in Resources */ = {isa = PBXBuildFile; fileRef = 879A01552A3687FF00A54FAF /* IBMPlexSansArabic-Regular.otf */; };
		879A01622A36881E00A54FAF /* IBMPlexSansArabic-SemiBold.otf in Resources */ = {isa = PBXBuildFile; fileRef = 879A015C2A36880000A54FAF /* IBMPlexSansArabic-SemiBold.otf */; };
		879A01632A36882000A54FAF /* IBMPlexSansArabic-Text.otf in Resources */ = {isa = PBXBuildFile; fileRef = 879A01562A3687FF00A54FAF /* IBMPlexSansArabic-Text.otf */; };
		879A01642A36882200A54FAF /* IBMPlexSansArabic-Thin.otf in Resources */ = {isa = PBXBuildFile; fileRef = 879A01572A3687FF00A54FAF /* IBMPlexSansArabic-Thin.otf */; };
		879A01672A3689CC00A54FAF /* PlayListTableCellNib.xib in Resources */ = {isa = PBXBuildFile; fileRef = 879A01662A3689CC00A54FAF /* PlayListTableCellNib.xib */; };
		87E92BE62A3641FD00DB1ACA /* AppDelegate.swift in Sources */ = {isa = PBXBuildFile; fileRef = 87E92BE52A3641FD00DB1ACA /* AppDelegate.swift */; };
		87E92BE82A3641FD00DB1ACA /* SceneDelegate.swift in Sources */ = {isa = PBXBuildFile; fileRef = 87E92BE72A3641FD00DB1ACA /* SceneDelegate.swift */; };
		87E92BEA2A3641FD00DB1ACA /* ViewController.swift in Sources */ = {isa = PBXBuildFile; fileRef = 87E92BE92A3641FD00DB1ACA /* ViewController.swift */; };
		87E92BED2A3641FD00DB1ACA /* Main.storyboard in Resources */ = {isa = PBXBuildFile; fileRef = 87E92BEB2A3641FD00DB1ACA /* Main.storyboard */; };
		87E92BEF2A3641FF00DB1ACA /* Assets.xcassets in Resources */ = {isa = PBXBuildFile; fileRef = 87E92BEE2A3641FF00DB1ACA /* Assets.xcassets */; };
		87E92BF22A3641FF00DB1ACA /* LaunchScreen.storyboard in Resources */ = {isa = PBXBuildFile; fileRef = 87E92BF02A3641FF00DB1ACA /* LaunchScreen.storyboard */; };
		87E92BFE2A36764A00DB1ACA /* HomeVC.swift in Sources */ = {isa = PBXBuildFile; fileRef = 87E92BFD2A36764A00DB1ACA /* HomeVC.swift */; };
		87E92C012A367D2800DB1ACA /* DesignableView.swift in Sources */ = {isa = PBXBuildFile; fileRef = 87E92C002A367D2800DB1ACA /* DesignableView.swift */; };
		87E92C032A367F4100DB1ACA /* Colors.xcassets in Resources */ = {isa = PBXBuildFile; fileRef = 87E92C022A367F4100DB1ACA /* Colors.xcassets */; };
/* End PBXBuildFile section */

/* Begin PBXFileReference section */
		12730E33DB2296B18C867344 /* Pods-PodcastTest.debug.xcconfig */ = {isa = PBXFileReference; includeInIndex = 1; lastKnownFileType = text.xcconfig; name = "Pods-PodcastTest.debug.xcconfig"; path = "Target Support Files/Pods-PodcastTest/Pods-PodcastTest.debug.xcconfig"; sourceTree = "<group>"; };
		879A01522A3683A800A54FAF /* Extensions .swift */ = {isa = PBXFileReference; lastKnownFileType = sourcecode.swift; path = "Extensions .swift"; sourceTree = "<group>"; };
		879A01552A3687FF00A54FAF /* IBMPlexSansArabic-Regular.otf */ = {isa = PBXFileReference; lastKnownFileType = file; path = "IBMPlexSansArabic-Regular.otf"; sourceTree = "<group>"; };
		879A01562A3687FF00A54FAF /* IBMPlexSansArabic-Text.otf */ = {isa = PBXFileReference; lastKnownFileType = file; path = "IBMPlexSansArabic-Text.otf"; sourceTree = "<group>"; };
		879A01572A3687FF00A54FAF /* IBMPlexSansArabic-Thin.otf */ = {isa = PBXFileReference; lastKnownFileType = file; path = "IBMPlexSansArabic-Thin.otf"; sourceTree = "<group>"; };
		879A01582A3687FF00A54FAF /* IBMPlexSansArabic-Medium.otf */ = {isa = PBXFileReference; lastKnownFileType = file; path = "IBMPlexSansArabic-Medium.otf"; sourceTree = "<group>"; };
		879A01592A3687FF00A54FAF /* IBMPlexSansArabic-Light.otf */ = {isa = PBXFileReference; lastKnownFileType = file; path = "IBMPlexSansArabic-Light.otf"; sourceTree = "<group>"; };
		879A015A2A36880000A54FAF /* IBMPlexSansArabic-ExtraLight.otf */ = {isa = PBXFileReference; lastKnownFileType = file; path = "IBMPlexSansArabic-ExtraLight.otf"; sourceTree = "<group>"; };
		879A015B2A36880000A54FAF /* IBMPlexSansArabic-Bold.otf */ = {isa = PBXFileReference; lastKnownFileType = file; path = "IBMPlexSansArabic-Bold.otf"; sourceTree = "<group>"; };
		879A015C2A36880000A54FAF /* IBMPlexSansArabic-SemiBold.otf */ = {isa = PBXFileReference; lastKnownFileType = file; path = "IBMPlexSansArabic-SemiBold.otf"; sourceTree = "<group>"; };
		879A01662A3689CC00A54FAF /* PlayListTableCellNib.xib */ = {isa = PBXFileReference; lastKnownFileType = file.xib; path = PlayListTableCellNib.xib; sourceTree = "<group>"; };
		87E92BE22A3641FD00DB1ACA /* PodcastTest.app */ = {isa = PBXFileReference; explicitFileType = wrapper.application; includeInIndex = 0; path = PodcastTest.app; sourceTree = BUILT_PRODUCTS_DIR; };
		87E92BE52A3641FD00DB1ACA /* AppDelegate.swift */ = {isa = PBXFileReference; lastKnownFileType = sourcecode.swift; path = AppDelegate.swift; sourceTree = "<group>"; };
		87E92BE72A3641FD00DB1ACA /* SceneDelegate.swift */ = {isa = PBXFileReference; lastKnownFileType = sourcecode.swift; path = SceneDelegate.swift; sourceTree = "<group>"; };
		87E92BE92A3641FD00DB1ACA /* ViewController.swift */ = {isa = PBXFileReference; lastKnownFileType = sourcecode.swift; path = ViewController.swift; sourceTree = "<group>"; };
		87E92BEC2A3641FD00DB1ACA /* Base */ = {isa = PBXFileReference; lastKnownFileType = file.storyboard; name = Base; path = Base.lproj/Main.storyboard; sourceTree = "<group>"; };
		87E92BEE2A3641FF00DB1ACA /* Assets.xcassets */ = {isa = PBXFileReference; lastKnownFileType = folder.assetcatalog; path = Assets.xcassets; sourceTree = "<group>"; };
		87E92BF12A3641FF00DB1ACA /* Base */ = {isa = PBXFileReference; lastKnownFileType = file.storyboard; name = Base; path = Base.lproj/LaunchScreen.storyboard; sourceTree = "<group>"; };
		87E92BF32A3641FF00DB1ACA /* Info.plist */ = {isa = PBXFileReference; lastKnownFileType = text.plist.xml; path = Info.plist; sourceTree = "<group>"; };
		87E92BFD2A36764A00DB1ACA /* HomeVC.swift */ = {isa = PBXFileReference; lastKnownFileType = sourcecode.swift; path = HomeVC.swift; sourceTree = "<group>"; };
		87E92C002A367D2800DB1ACA /* DesignableView.swift */ = {isa = PBXFileReference; fileEncoding = 4; lastKnownFileType = sourcecode.swift; path = DesignableView.swift; sourceTree = "<group>"; };
		87E92C022A367F4100DB1ACA /* Colors.xcassets */ = {isa = PBXFileReference; lastKnownFileType = folder.assetcatalog; path = Colors.xcassets; sourceTree = "<group>"; };
		C132A92C9F97917CC2E26653 /* Pods-PodcastTest.release.xcconfig */ = {isa = PBXFileReference; includeInIndex = 1; lastKnownFileType = text.xcconfig; name = "Pods-PodcastTest.release.xcconfig"; path = "Target Support Files/Pods-PodcastTest/Pods-PodcastTest.release.xcconfig"; sourceTree = "<group>"; };
		ED2C76E505E47ED944998E12 /* Pods_PodcastTest.framework */ = {isa = PBXFileReference; explicitFileType = wrapper.framework; includeInIndex = 0; path = Pods_PodcastTest.framework; sourceTree = BUILT_PRODUCTS_DIR; };
/* End PBXFileReference section */

/* Begin PBXFrameworksBuildPhase section */
		87E92BDF2A3641FD00DB1ACA /* Frameworks */ = {
			isa = PBXFrameworksBuildPhase;
			buildActionMask = 2147483647;
			files = (
				51E3CF6486DD7CAA934A4A47 /* Pods_PodcastTest.framework in Frameworks */,
			);
			runOnlyForDeploymentPostprocessing = 0;
		};
/* End PBXFrameworksBuildPhase section */

/* Begin PBXGroup section */
		879A01542A3687CB00A54FAF /* Fonts */ = {
			isa = PBXGroup;
			children = (
				879A015B2A36880000A54FAF /* IBMPlexSansArabic-Bold.otf */,
				879A015A2A36880000A54FAF /* IBMPlexSansArabic-ExtraLight.otf */,
				879A01592A3687FF00A54FAF /* IBMPlexSansArabic-Light.otf */,
				879A01582A3687FF00A54FAF /* IBMPlexSansArabic-Medium.otf */,
				879A01552A3687FF00A54FAF /* IBMPlexSansArabic-Regular.otf */,
				879A015C2A36880000A54FAF /* IBMPlexSansArabic-SemiBold.otf */,
				879A01562A3687FF00A54FAF /* IBMPlexSansArabic-Text.otf */,
				879A01572A3687FF00A54FAF /* IBMPlexSansArabic-Thin.otf */,
			);
			path = Fonts;
			sourceTree = "<group>";
		};
		879A01652A3689AD00A54FAF /* TableCells */ = {
			isa = PBXGroup;
			children = (
				879A01682A368BDC00A54FAF /* Nibs */,
				879A01662A3689CC00A54FAF /* PlayListTableCellNib.xib */,
			);
			path = TableCells;
			sourceTree = "<group>";
		};
		879A01682A368BDC00A54FAF /* Nibs */ = {
			isa = PBXGroup;
			children = (
			);
			path = Nibs;
			sourceTree = "<group>";
		};
		87E92BD92A3641FD00DB1ACA = {
			isa = PBXGroup;
			children = (
				87E92BE42A3641FD00DB1ACA /* PodcastTest */,
				87E92BE32A3641FD00DB1ACA /* Products */,
				D799476C5F8D7B4B2A30CE61 /* Pods */,
				8A31814CC640CC669D9A4D6D /* Frameworks */,
			);
			sourceTree = "<group>";
		};
		87E92BE32A3641FD00DB1ACA /* Products */ = {
			isa = PBXGroup;
			children = (
				87E92BE22A3641FD00DB1ACA /* PodcastTest.app */,
			);
			name = Products;
			sourceTree = "<group>";
		};
		87E92BE42A3641FD00DB1ACA /* PodcastTest */ = {
			isa = PBXGroup;
			children = (
				87E92BFF2A367D1300DB1ACA /* Helpers */,
				87E92BFB2A3675EB00DB1ACA /* TabBar */,
				87E92BFA2A3643DA00DB1ACA /* Resources */,
				87E92BF92A36437F00DB1ACA /* Auth */,
				87E92BE52A3641FD00DB1ACA /* AppDelegate.swift */,
				87E92BE72A3641FD00DB1ACA /* SceneDelegate.swift */,
				87E92BE92A3641FD00DB1ACA /* ViewController.swift */,
				87E92BEB2A3641FD00DB1ACA /* Main.storyboard */,
				87E92BEE2A3641FF00DB1ACA /* Assets.xcassets */,
				87E92C022A367F4100DB1ACA /* Colors.xcassets */,
				87E92BF02A3641FF00DB1ACA /* LaunchScreen.storyboard */,
				87E92BF32A3641FF00DB1ACA /* Info.plist */,
			);
			path = PodcastTest;
			sourceTree = "<group>";
		};
		87E92BF92A36437F00DB1ACA /* Auth */ = {
			isa = PBXGroup;
			children = (
			);
			path = Auth;
			sourceTree = "<group>";
		};
		87E92BFA2A3643DA00DB1ACA /* Resources */ = {
			isa = PBXGroup;
			children = (
				879A01542A3687CB00A54FAF /* Fonts */,
			);
			path = Resources;
			sourceTree = "<group>";
		};
		87E92BFB2A3675EB00DB1ACA /* TabBar */ = {
			isa = PBXGroup;
			children = (
				87E92BFC2A36763700DB1ACA /* Home */,
			);
			path = TabBar;
			sourceTree = "<group>";
		};
		87E92BFC2A36763700DB1ACA /* Home */ = {
			isa = PBXGroup;
			children = (
				879A01652A3689AD00A54FAF /* TableCells */,
				87E92BFD2A36764A00DB1ACA /* HomeVC.swift */,
			);
			path = Home;
			sourceTree = "<group>";
		};
		87E92BFF2A367D1300DB1ACA /* Helpers */ = {
			isa = PBXGroup;
			children = (
				87E92C002A367D2800DB1ACA /* DesignableView.swift */,
				879A01522A3683A800A54FAF /* Extensions .swift */,
			);
			path = Helpers;
			sourceTree = "<group>";
		};
		8A31814CC640CC669D9A4D6D /* Frameworks */ = {
			isa = PBXGroup;
			children = (
				ED2C76E505E47ED944998E12 /* Pods_PodcastTest.framework */,
			);
			name = Frameworks;
			sourceTree = "<group>";
		};
		D799476C5F8D7B4B2A30CE61 /* Pods */ = {
			isa = PBXGroup;
			children = (
				12730E33DB2296B18C867344 /* Pods-PodcastTest.debug.xcconfig */,
				C132A92C9F97917CC2E26653 /* Pods-PodcastTest.release.xcconfig */,
			);
			path = Pods;
			sourceTree = "<group>";
		};
/* End PBXGroup section */

/* Begin PBXNativeTarget section */
		87E92BE12A3641FD00DB1ACA /* PodcastTest */ = {
			isa = PBXNativeTarget;
			buildConfigurationList = 87E92BF62A3641FF00DB1ACA /* Build configuration list for PBXNativeTarget "PodcastTest" */;
			buildPhases = (
				360C1AF935A8D7A1BEB36F85 /* [CP] Check Pods Manifest.lock */,
				87E92BDE2A3641FD00DB1ACA /* Sources */,
				87E92BDF2A3641FD00DB1ACA /* Frameworks */,
				87E92BE02A3641FD00DB1ACA /* Resources */,
				17112F9C7E5AE6EE96D68503 /* [CP] Embed Pods Frameworks */,
			);
			buildRules = (
			);
			dependencies = (
			);
			name = PodcastTest;
			productName = PodcastTest;
			productReference = 87E92BE22A3641FD00DB1ACA /* PodcastTest.app */;
			productType = "com.apple.product-type.application";
		};
/* End PBXNativeTarget section */

/* Begin PBXProject section */
		87E92BDA2A3641FD00DB1ACA /* Project object */ = {
			isa = PBXProject;
			attributes = {
				BuildIndependentTargetsInParallel = 1;
				LastSwiftUpdateCheck = 1420;
				LastUpgradeCheck = 1420;
				TargetAttributes = {
					87E92BE12A3641FD00DB1ACA = {
						CreatedOnToolsVersion = 14.2;
					};
				};
			};
			buildConfigurationList = 87E92BDD2A3641FD00DB1ACA /* Build configuration list for PBXProject "PodcastTest" */;
			compatibilityVersion = "Xcode 14.0";
			developmentRegion = en;
			hasScannedForEncodings = 0;
			knownRegions = (
				en,
				Base,
			);
			mainGroup = 87E92BD92A3641FD00DB1ACA;
			productRefGroup = 87E92BE32A3641FD00DB1ACA /* Products */;
			projectDirPath = "";
			projectRoot = "";
			targets = (
				87E92BE12A3641FD00DB1ACA /* PodcastTest */,
			);
		};
/* End PBXProject section */

/* Begin PBXResourcesBuildPhase section */
		87E92BE02A3641FD00DB1ACA /* Resources */ = {
			isa = PBXResourcesBuildPhase;
			buildActionMask = 2147483647;
			files = (
				879A01642A36882200A54FAF /* IBMPlexSansArabic-Thin.otf in Resources */,
				879A01632A36882000A54FAF /* IBMPlexSansArabic-Text.otf in Resources */,
				879A01602A36881900A54FAF /* IBMPlexSansArabic-Medium.otf in Resources */,
				879A01622A36881E00A54FAF /* IBMPlexSansArabic-SemiBold.otf in Resources */,
				879A01612A36881D00A54FAF /* IBMPlexSansArabic-Regular.otf in Resources */,
				879A015F2A36881600A54FAF /* IBMPlexSansArabic-Light.otf in Resources */,
				879A015E2A36881300A54FAF /* IBMPlexSansArabic-ExtraLight.otf in Resources */,
				879A015D2A36880F00A54FAF /* IBMPlexSansArabic-Bold.otf in Resources */,
				87E92BF22A3641FF00DB1ACA /* LaunchScreen.storyboard in Resources */,
				87E92C032A367F4100DB1ACA /* Colors.xcassets in Resources */,
				87E92BEF2A3641FF00DB1ACA /* Assets.xcassets in Resources */,
				879A01672A3689CC00A54FAF /* PlayListTableCellNib.xib in Resources */,
				87E92BED2A3641FD00DB1ACA /* Main.storyboard in Resources */,
			);
			runOnlyForDeploymentPostprocessing = 0;
		};
/* End PBXResourcesBuildPhase section */

/* Begin PBXShellScriptBuildPhase section */
		17112F9C7E5AE6EE96D68503 /* [CP] Embed Pods Frameworks */ = {
			isa = PBXShellScriptBuildPhase;
			buildActionMask = 2147483647;
			files = (
			);
			inputFileListPaths = (
				"${PODS_ROOT}/Target Support Files/Pods-PodcastTest/Pods-PodcastTest-frameworks-${CONFIGURATION}-input-files.xcfilelist",
			);
			name = "[CP] Embed Pods Frameworks";
			outputFileListPaths = (
				"${PODS_ROOT}/Target Support Files/Pods-PodcastTest/Pods-PodcastTest-frameworks-${CONFIGURATION}-output-files.xcfilelist",
			);
			runOnlyForDeploymentPostprocessing = 0;
			shellPath = /bin/sh;
			shellScript = "\"${PODS_ROOT}/Target Support Files/Pods-PodcastTest/Pods-PodcastTest-frameworks.sh\"\n";
			showEnvVarsInLog = 0;
		};
		360C1AF935A8D7A1BEB36F85 /* [CP] Check Pods Manifest.lock */ = {
			isa = PBXShellScriptBuildPhase;
			buildActionMask = 2147483647;
			files = (
			);
			inputFileListPaths = (
			);
			inputPaths = (
				"${PODS_PODFILE_DIR_PATH}/Podfile.lock",
				"${PODS_ROOT}/Manifest.lock",
			);
			name = "[CP] Check Pods Manifest.lock";
			outputFileListPaths = (
			);
			outputPaths = (
				"$(DERIVED_FILE_DIR)/Pods-PodcastTest-checkManifestLockResult.txt",
			);
			runOnlyForDeploymentPostprocessing = 0;
			shellPath = /bin/sh;
			shellScript = "diff \"${PODS_PODFILE_DIR_PATH}/Podfile.lock\" \"${PODS_ROOT}/Manifest.lock\" > /dev/null\nif [ $? != 0 ] ; then\n    # print error to STDERR\n    echo \"error: The sandbox is not in sync with the Podfile.lock. Run 'pod install' or update your CocoaPods installation.\" >&2\n    exit 1\nfi\n# This output is used by Xcode 'outputs' to avoid re-running this script phase.\necho \"SUCCESS\" > \"${SCRIPT_OUTPUT_FILE_0}\"\n";
			showEnvVarsInLog = 0;
		};
/* End PBXShellScriptBuildPhase section */

/* Begin PBXSourcesBuildPhase section */
		87E92BDE2A3641FD00DB1ACA /* Sources */ = {
			isa = PBXSourcesBuildPhase;
			buildActionMask = 2147483647;
			files = (
				879A01532A3683A800A54FAF /* Extensions .swift in Sources */,
				87E92BEA2A3641FD00DB1ACA /* ViewController.swift in Sources */,
				87E92BFE2A36764A00DB1ACA /* HomeVC.swift in Sources */,
				87E92BE62A3641FD00DB1ACA /* AppDelegate.swift in Sources */,
				87E92C012A367D2800DB1ACA /* DesignableView.swift in Sources */,
				87E92BE82A3641FD00DB1ACA /* SceneDelegate.swift in Sources */,
			);
			runOnlyForDeploymentPostprocessing = 0;
		};
/* End PBXSourcesBuildPhase section */

/* Begin PBXVariantGroup section */
		87E92BEB2A3641FD00DB1ACA /* Main.storyboard */ = {
			isa = PBXVariantGroup;
			children = (
				87E92BEC2A3641FD00DB1ACA /* Base */,
			);
			name = Main.storyboard;
			sourceTree = "<group>";
		};
		87E92BF02A3641FF00DB1ACA /* LaunchScreen.storyboard */ = {
			isa = PBXVariantGroup;
			children = (
				87E92BF12A3641FF00DB1ACA /* Base */,
			);
			name = LaunchScreen.storyboard;
			sourceTree = "<group>";
		};
/* End PBXVariantGroup section */

/* Begin XCBuildConfiguration section */
		87E92BF42A3641FF00DB1ACA /* Debug */ = {
			isa = XCBuildConfiguration;
			buildSettings = {
				ALWAYS_SEARCH_USER_PATHS = NO;
				CLANG_ANALYZER_NONNULL = YES;
				CLANG_ANALYZER_NUMBER_OBJECT_CONVERSION = YES_AGGRESSIVE;
				CLANG_CXX_LANGUAGE_STANDARD = "gnu++20";
				CLANG_ENABLE_MODULES = YES;
				CLANG_ENABLE_OBJC_ARC = YES;
				CLANG_ENABLE_OBJC_WEAK = YES;
				CLANG_WARN_BLOCK_CAPTURE_AUTORELEASING = YES;
				CLANG_WARN_BOOL_CONVERSION = YES;
				CLANG_WARN_COMMA = YES;
				CLANG_WARN_CONSTANT_CONVERSION = YES;
				CLANG_WARN_DEPRECATED_OBJC_IMPLEMENTATIONS = YES;
				CLANG_WARN_DIRECT_OBJC_ISA_USAGE = YES_ERROR;
				CLANG_WARN_DOCUMENTATION_COMMENTS = YES;
				CLANG_WARN_EMPTY_BODY = YES;
				CLANG_WARN_ENUM_CONVERSION = YES;
				CLANG_WARN_INFINITE_RECURSION = YES;
				CLANG_WARN_INT_CONVERSION = YES;
				CLANG_WARN_NON_LITERAL_NULL_CONVERSION = YES;
				CLANG_WARN_OBJC_IMPLICIT_RETAIN_SELF = YES;
				CLANG_WARN_OBJC_LITERAL_CONVERSION = YES;
				CLANG_WARN_OBJC_ROOT_CLASS = YES_ERROR;
				CLANG_WARN_QUOTED_INCLUDE_IN_FRAMEWORK_HEADER = YES;
				CLANG_WARN_RANGE_LOOP_ANALYSIS = YES;
				CLANG_WARN_STRICT_PROTOTYPES = YES;
				CLANG_WARN_SUSPICIOUS_MOVE = YES;
				CLANG_WARN_UNGUARDED_AVAILABILITY = YES_AGGRESSIVE;
				CLANG_WARN_UNREACHABLE_CODE = YES;
				CLANG_WARN__DUPLICATE_METHOD_MATCH = YES;
				COPY_PHASE_STRIP = NO;
				DEBUG_INFORMATION_FORMAT = dwarf;
				ENABLE_STRICT_OBJC_MSGSEND = YES;
				ENABLE_TESTABILITY = YES;
				GCC_C_LANGUAGE_STANDARD = gnu11;
				GCC_DYNAMIC_NO_PIC = NO;
				GCC_NO_COMMON_BLOCKS = YES;
				GCC_OPTIMIZATION_LEVEL = 0;
				GCC_PREPROCESSOR_DEFINITIONS = (
					"DEBUG=1",
					"$(inherited)",
				);
				GCC_WARN_64_TO_32_BIT_CONVERSION = YES;
				GCC_WARN_ABOUT_RETURN_TYPE = YES_ERROR;
				GCC_WARN_UNDECLARED_SELECTOR = YES;
				GCC_WARN_UNINITIALIZED_AUTOS = YES_AGGRESSIVE;
				GCC_WARN_UNUSED_FUNCTION = YES;
				GCC_WARN_UNUSED_VARIABLE = YES;
				IPHONEOS_DEPLOYMENT_TARGET = 16.2;
				MTL_ENABLE_DEBUG_INFO = INCLUDE_SOURCE;
				MTL_FAST_MATH = YES;
				ONLY_ACTIVE_ARCH = YES;
				SDKROOT = iphoneos;
				SWIFT_ACTIVE_COMPILATION_CONDITIONS = DEBUG;
				SWIFT_OPTIMIZATION_LEVEL = "-Onone";
			};
			name = Debug;
		};
		87E92BF52A3641FF00DB1ACA /* Release */ = {
			isa = XCBuildConfiguration;
			buildSettings = {
				ALWAYS_SEARCH_USER_PATHS = NO;
				CLANG_ANALYZER_NONNULL = YES;
				CLANG_ANALYZER_NUMBER_OBJECT_CONVERSION = YES_AGGRESSIVE;
				CLANG_CXX_LANGUAGE_STANDARD = "gnu++20";
				CLANG_ENABLE_MODULES = YES;
				CLANG_ENABLE_OBJC_ARC = YES;
				CLANG_ENABLE_OBJC_WEAK = YES;
				CLANG_WARN_BLOCK_CAPTURE_AUTORELEASING = YES;
				CLANG_WARN_BOOL_CONVERSION = YES;
				CLANG_WARN_COMMA = YES;
				CLANG_WARN_CONSTANT_CONVERSION = YES;
				CLANG_WARN_DEPRECATED_OBJC_IMPLEMENTATIONS = YES;
				CLANG_WARN_DIRECT_OBJC_ISA_USAGE = YES_ERROR;
				CLANG_WARN_DOCUMENTATION_COMMENTS = YES;
				CLANG_WARN_EMPTY_BODY = YES;
				CLANG_WARN_ENUM_CONVERSION = YES;
				CLANG_WARN_INFINITE_RECURSION = YES;
				CLANG_WARN_INT_CONVERSION = YES;
				CLANG_WARN_NON_LITERAL_NULL_CONVERSION = YES;
				CLANG_WARN_OBJC_IMPLICIT_RETAIN_SELF = YES;
				CLANG_WARN_OBJC_LITERAL_CONVERSION = YES;
				CLANG_WARN_OBJC_ROOT_CLASS = YES_ERROR;
				CLANG_WARN_QUOTED_INCLUDE_IN_FRAMEWORK_HEADER = YES;
				CLANG_WARN_RANGE_LOOP_ANALYSIS = YES;
				CLANG_WARN_STRICT_PROTOTYPES = YES;
				CLANG_WARN_SUSPICIOUS_MOVE = YES;
				CLANG_WARN_UNGUARDED_AVAILABILITY = YES_AGGRESSIVE;
				CLANG_WARN_UNREACHABLE_CODE = YES;
				CLANG_WARN__DUPLICATE_METHOD_MATCH = YES;
				COPY_PHASE_STRIP = NO;
				DEBUG_INFORMATION_FORMAT = "dwarf-with-dsym";
				ENABLE_NS_ASSERTIONS = NO;
				ENABLE_STRICT_OBJC_MSGSEND = YES;
				GCC_C_LANGUAGE_STANDARD = gnu11;
				GCC_NO_COMMON_BLOCKS = YES;
				GCC_WARN_64_TO_32_BIT_CONVERSION = YES;
				GCC_WARN_ABOUT_RETURN_TYPE = YES_ERROR;
				GCC_WARN_UNDECLARED_SELECTOR = YES;
				GCC_WARN_UNINITIALIZED_AUTOS = YES_AGGRESSIVE;
				GCC_WARN_UNUSED_FUNCTION = YES;
				GCC_WARN_UNUSED_VARIABLE = YES;
				IPHONEOS_DEPLOYMENT_TARGET = 16.2;
				MTL_ENABLE_DEBUG_INFO = NO;
				MTL_FAST_MATH = YES;
				SDKROOT = iphoneos;
				SWIFT_COMPILATION_MODE = wholemodule;
				SWIFT_OPTIMIZATION_LEVEL = "-O";
				VALIDATE_PRODUCT = YES;
			};
			name = Release;
		};
		87E92BF72A3641FF00DB1ACA /* Debug */ = {
			isa = XCBuildConfiguration;
			baseConfigurationReference = 12730E33DB2296B18C867344 /* Pods-PodcastTest.debug.xcconfig */;
			buildSettings = {
				ASSETCATALOG_COMPILER_APPICON_NAME = AppIcon;
				ASSETCATALOG_COMPILER_GLOBAL_ACCENT_COLOR_NAME = AccentColor;
				CODE_SIGN_STYLE = Automatic;
				CURRENT_PROJECT_VERSION = 1;
				DEVELOPMENT_TEAM = FU829UD38Z;
				GENERATE_INFOPLIST_FILE = YES;
				INFOPLIST_FILE = PodcastTest/Info.plist;
				INFOPLIST_KEY_UIApplicationSupportsIndirectInputEvents = YES;
				INFOPLIST_KEY_UILaunchStoryboardName = LaunchScreen;
				INFOPLIST_KEY_UIMainStoryboardFile = Main;
				INFOPLIST_KEY_UISupportedInterfaceOrientations_iPad = "UIInterfaceOrientationPortrait UIInterfaceOrientationPortraitUpsideDown UIInterfaceOrientationLandscapeLeft UIInterfaceOrientationLandscapeRight";
				INFOPLIST_KEY_UISupportedInterfaceOrientations_iPhone = "UIInterfaceOrientationPortrait UIInterfaceOrientationLandscapeLeft UIInterfaceOrientationLandscapeRight";
				LD_RUNPATH_SEARCH_PATHS = (
					"$(inherited)",
					"@executable_path/Frameworks",
				);
				MARKETING_VERSION = 1.0;
				PRODUCT_BUNDLE_IDENTIFIER = com.podcastTest.PodcastTest;
				PRODUCT_NAME = "$(TARGET_NAME)";
				SWIFT_EMIT_LOC_STRINGS = YES;
				SWIFT_VERSION = 5.0;
				TARGETED_DEVICE_FAMILY = "1,2";
			};
			name = Debug;
		};
		87E92BF82A3641FF00DB1ACA /* Release */ = {
			isa = XCBuildConfiguration;
			baseConfigurationReference = C132A92C9F97917CC2E26653 /* Pods-PodcastTest.release.xcconfig */;
			buildSettings = {
				ASSETCATALOG_COMPILER_APPICON_NAME = AppIcon;
				ASSETCATALOG_COMPILER_GLOBAL_ACCENT_COLOR_NAME = AccentColor;
				CODE_SIGN_STYLE = Automatic;
				CURRENT_PROJECT_VERSION = 1;
				DEVELOPMENT_TEAM = FU829UD38Z;
				GENERATE_INFOPLIST_FILE = YES;
				INFOPLIST_FILE = PodcastTest/Info.plist;
				INFOPLIST_KEY_UIApplicationSupportsIndirectInputEvents = YES;
				INFOPLIST_KEY_UILaunchStoryboardName = LaunchScreen;
				INFOPLIST_KEY_UIMainStoryboardFile = Main;
				INFOPLIST_KEY_UISupportedInterfaceOrientations_iPad = "UIInterfaceOrientationPortrait UIInterfaceOrientationPortraitUpsideDown UIInterfaceOrientationLandscapeLeft UIInterfaceOrientationLandscapeRight";
				INFOPLIST_KEY_UISupportedInterfaceOrientations_iPhone = "UIInterfaceOrientationPortrait UIInterfaceOrientationLandscapeLeft UIInterfaceOrientationLandscapeRight";
				LD_RUNPATH_SEARCH_PATHS = (
					"$(inherited)",
					"@executable_path/Frameworks",
				);
				MARKETING_VERSION = 1.0;
				PRODUCT_BUNDLE_IDENTIFIER = com.podcastTest.PodcastTest;
				PRODUCT_NAME = "$(TARGET_NAME)";
				SWIFT_EMIT_LOC_STRINGS = YES;
				SWIFT_VERSION = 5.0;
				TARGETED_DEVICE_FAMILY = "1,2";
			};
			name = Release;
		};
/* End XCBuildConfiguration section */

/* Begin XCConfigurationList section */
		87E92BDD2A3641FD00DB1ACA /* Build configuration list for PBXProject "PodcastTest" */ = {
			isa = XCConfigurationList;
			buildConfigurations = (
				87E92BF42A3641FF00DB1ACA /* Debug */,
				87E92BF52A3641FF00DB1ACA /* Release */,
			);
			defaultConfigurationIsVisible = 0;
			defaultConfigurationName = Release;
		};
		87E92BF62A3641FF00DB1ACA /* Build configuration list for PBXNativeTarget "PodcastTest" */ = {
			isa = XCConfigurationList;
			buildConfigurations = (
				87E92BF72A3641FF00DB1ACA /* Debug */,
				87E92BF82A3641FF00DB1ACA /* Release */,
			);
			defaultConfigurationIsVisible = 0;
			defaultConfigurationName = Release;
		};
/* End XCConfigurationList section */
	};
	rootObject = 87E92BDA2A3641FD00DB1ACA /* Project object */;
}
